<Solution>
  <Folder Name="/FunctionCall/">
    <File Path="FunctionCall" />
    <Project Path="FunctionCalling/FunctionCalling.csproj" />
  </Folder>
  <Folder Name="/LLMs_with_gitModels/">
    <Project Path="TextCompilation_gitModels/TextCompilation_gitModels.csproj" />
  </Folder>
  <Folder Name="/LLMs_with_ollama/">
    <Project Path="TextCompilation_ollama/TextCompilation_ollama.csproj" />
  </Folder>
  <Folder Name="/Vectors/">
    <Project Path="VectorEmbeddings/VectorEmbeddings.csproj" />
    <Project Path="VectorSearch/VectorSearch.csproj" />
    <Project Path="VectorSearch_ollama/VectorSearch_ollama.csproj" />
  </Folder>
</Solution>
