<Solution>
  <Folder Name="/FunctionCall/">
    <File Path="FunctionCall" />
    <Project Path="FunctionCalling/FunctionCalling.csproj" />
  </Folder>
  <Folder Name="/LLMs_with_gitModels/">
    <Project Path="TextCompilation_gitModels/TextCompilation_gitModels.csproj" />
  </Folder>
  <Folder Name="/LLMs_with_ollama/">
    <Project Path="TextCompilation_ollama/TextCompilation_ollama.csproj" />
  </Folder>
  <Folder Name="/RAG/">
    <Project Path="ChatApp_LocalModel_Ollama/ChatApp_LocalModel_Ollama.csproj" />
    <Project Path="ChatApp_RAG/ChatApp_RAG.csproj" />
    <Project Path="ChatApp_RAG_Qdrant/ChatApp_RAG_Qdrant.AppHost/ChatApp_RAG_Qdrant.AppHost.csproj" />
    <Project Path="ChatApp_RAG_Qdrant/ChatApp_RAG_Qdrant.ServiceDefaults/ChatApp_RAG_Qdrant.ServiceDefaults.csproj" />
    <Project Path="ChatApp_RAG_Qdrant/ChatApp_RAG_Qdrant.Web/ChatApp_RAG_Qdrant.Web.csproj" />
  </Folder>
  <Folder Name="/Vectors/">
    <Project Path="VectorEmbeddings/VectorEmbeddings.csproj" />
    <Project Path="VectorSearch/VectorSearch.csproj" />
    <Project Path="VectorSearch_ollama/VectorSearch_ollama.csproj" />
  </Folder>
  <Folder Name="/Vision/">
    <Project Path="ImageAnalysis/ImageAnalysis.csproj" Id="96de957d-2dbd-408f-90bd-b3e2bdaa7751" />
    <Project Path="TrafficCamAnalyzer/TrafficCamAnalyzer.csproj" Id="8ece47bf-493f-4854-bf57-19d59593f292" />
  </Folder>
</Solution>
